// !$*UTF8*$!
{
	archiveVersion = 1;
	classes = {
	};
	objectVersion = 55;
	objects = {

/* Begin PBXBuildFile section */
		036CA31B27AE6F4D00B8C0AF /* AppDelegate.swift in Sources */ = {isa = PBXBuildFile; fileRef = 036CA31A27AE6F4D00B8C0AF /* AppDelegate.swift */; };
		036CA31D27AE6F4D00B8C0AF /* SceneDelegate.swift in Sources */ = {isa = PBXBuildFile; fileRef = 036CA31C27AE6F4D00B8C0AF /* SceneDelegate.swift */; };
		036CA31F27AE6F4D00B8C0AF /* LoginViewController.swift in Sources */ = {isa = PBXBuildFile; fileRef = 036CA31E27AE6F4D00B8C0AF /* LoginViewController.swift */; };
		036CA32227AE6F4D00B8C0AF /* Main.storyboard in Resources */ = {isa = PBXBuildFile; fileRef = 036CA32027AE6F4D00B8C0AF /* Main.storyboard */; };
		036CA32427AE6F4E00B8C0AF /* Assets.xcassets in Resources */ = {isa = PBXBuildFile; fileRef = 036CA32327AE6F4E00B8C0AF /* Assets.xcassets */; };
		036CA32727AE6F4E00B8C0AF /* LaunchScreen.storyboard in Resources */ = {isa = PBXBuildFile; fileRef = 036CA32527AE6F4E00B8C0AF /* LaunchScreen.storyboard */; };
		03DEB11527B7AD6800F53DC0 /* WelcomeViewController.swift in Sources */ = {isa = PBXBuildFile; fileRef = 03DEB11427B7AD6800F53DC0 /* WelcomeViewController.swift */; };
/* End PBXBuildFile section */

/* Begin PBXFileReference section */
		036CA31727AE6F4D00B8C0AF /* LoginLogout.app */ = {isa = PBXFileReference; explicitFileType = wrapper.application; includeInIndex = 0; path = LoginLogout.app; sourceTree = BUILT_PRODUCTS_DIR; };
		036CA31A27AE6F4D00B8C0AF /* AppDelegate.swift */ = {isa = PBXFileReference; lastKnownFileType = sourcecode.swift; path = AppDelegate.swift; sourceTree = "<group>"; };
		036CA31C27AE6F4D00B8C0AF /* SceneDelegate.swift */ = {isa = PBXFileReference; lastKnownFileType = sourcecode.swift; path = SceneDelegate.swift; sourceTree = "<group>"; };
		036CA31E27AE6F4D00B8C0AF /* LoginViewController.swift */ = {isa = PBXFileReference; lastKnownFileType = sourcecode.swift; path = LoginViewController.swift; sourceTree = "<group>"; };
		036CA32127AE6F4D00B8C0AF /* Base */ = {isa = PBXFileReference; lastKnownFileType = file.storyboard; name = Base; path = Base.lproj/Main.storyboard; sourceTree = "<group>"; };
		036CA32327AE6F4E00B8C0AF /* Assets.xcassets */ = {isa = PBXFileReference; lastKnownFileType = folder.assetcatalog; path = Assets.xcassets; sourceTree = "<group>"; };
		036CA32627AE6F4E00B8C0AF /* Base */ = {isa = PBXFileReference; lastKnownFileType = file.storyboard; name = Base; path = Base.lproj/LaunchScreen.storyboard; sourceTree = "<group>"; };
		036CA32827AE6F4E00B8C0AF /* Info.plist */ = {isa = PBXFileReference; lastKnownFileType = text.plist.xml; path = Info.plist; sourceTree = "<group>"; };
		03DEB11427B7AD6800F53DC0 /* WelcomeViewController.swift */ = {isa = PBXFileReference; lastKnownFileType = sourcecode.swift; path = WelcomeViewController.swift; sourceTree = "<group>"; };
/* End PBXFileReference section */

/* Begin PBXFrameworksBuildPhase section */
		036CA31427AE6F4D00B8C0AF /* Frameworks */ = {
			isa = PBXFrameworksBuildPhase;
			buildActionMask = 2147483647;
			files = (
			);
			runOnlyForDeploymentPostprocessing = 0;
		};
/* End PBXFrameworksBuildPhase section */

/* Begin PBXGroup section */
		036CA30E27AE6F4D00B8C0AF = {
			isa = PBXGroup;
			children = (
				036CA31927AE6F4D00B8C0AF /* LoginLogout */,
				036CA31827AE6F4D00B8C0AF /* Products */,
			);
			sourceTree = "<group>";
		};
		036CA31827AE6F4D00B8C0AF /* Products */ = {
			isa = PBXGroup;
			children = (
				036CA31727AE6F4D00B8C0AF /* LoginLogout.app */,
			);
			name = Products;
			sourceTree = "<group>";
		};
		036CA31927AE6F4D00B8C0AF /* LoginLogout */ = {
			isa = PBXGroup;
			children = (
				036CA31A27AE6F4D00B8C0AF /* AppDelegate.swift */,
				036CA31C27AE6F4D00B8C0AF /* SceneDelegate.swift */,
				036CA31E27AE6F4D00B8C0AF /* LoginViewController.swift */,
				03DEB11427B7AD6800F53DC0 /* WelcomeViewController.swift */,
				036CA32027AE6F4D00B8C0AF /* Main.storyboard */,
				036CA32327AE6F4E00B8C0AF /* Assets.xcassets */,
				036CA32527AE6F4E00B8C0AF /* LaunchScreen.storyboard */,
				036CA32827AE6F4E00B8C0AF /* Info.plist */,
			);
			path = LoginLogout;
			sourceTree = "<group>";
		};
/* End PBXGroup section */

/* Begin PBXNativeTarget section */
		036CA31627AE6F4D00B8C0AF /* LoginLogout */ = {
			isa = PBXNativeTarget;
			buildConfigurationList = 036CA32B27AE6F4E00B8C0AF /* Build configuration list for PBXNativeTarget "LoginLogout" */;
			buildPhases = (
				036CA31327AE6F4D00B8C0AF /* Sources */,
				036CA31427AE6F4D00B8C0AF /* Frameworks */,
				036CA31527AE6F4D00B8C0AF /* Resources */,
			);
			buildRules = (
			);
			dependencies = (
			);
			name = LoginLogout;
			productName = LoginLogout;
			productReference = 036CA31727AE6F4D00B8C0AF /* LoginLogout.app */;
			productType = "com.apple.product-type.application";
		};
/* End PBXNativeTarget section */

/* Begin PBXProject section */
		036CA30F27AE6F4D00B8C0AF /* Project object */ = {
			isa = PBXProject;
			attributes = {
				BuildIndependentTargetsInParallel = 1;
				LastSwiftUpdateCheck = 1320;
				LastUpgradeCheck = 1320;
				TargetAttributes = {
					036CA31627AE6F4D00B8C0AF = {
						CreatedOnToolsVersion = 13.2.1;
					};
				};
			};
			buildConfigurationList = 036CA31227AE6F4D00B8C0AF /* Build configuration list for PBXProject "LoginLogout" */;
			compatibilityVersion = "Xcode 13.0";
			developmentRegion = en;
			hasScannedForEncodings = 0;
			knownRegions = (
				en,
				Base,
			);
			mainGroup = 036CA30E27AE6F4D00B8C0AF;
			productRefGroup = 036CA31827AE6F4D00B8C0AF /* Products */;
			projectDirPath = "";
			projectRoot = "";
			targets = (
				036CA31627AE6F4D00B8C0AF /* LoginLogout */,
			);
		};
/* End PBXProject section */

/* Begin PBXResourcesBuildPhase section */
		036CA31527AE6F4D00B8C0AF /* Resources */ = {
			isa = PBXResourcesBuildPhase;
			buildActionMask = 2147483647;
			files = (
				036CA32727AE6F4E00B8C0AF /* LaunchScreen.storyboard in Resources */,
				036CA32427AE6F4E00B8C0AF /* Assets.xcassets in Resources */,
				036CA32227AE6F4D00B8C0AF /* Main.storyboard in Resources */,
			);
			runOnlyForDeploymentPostprocessing = 0;
		};
/* End PBXResourcesBuildPhase section */

/* Begin PBXSourcesBuildPhase section */
		036CA31327AE6F4D00B8C0AF /* Sources */ = {
			isa = PBXSourcesBuildPhase;
			buildActionMask = 2147483647;
			files = (
				036CA31F27AE6F4D00B8C0AF /* LoginViewController.swift in Sources */,
				03DEB11527B7AD6800F53DC0 /* WelcomeViewController.swift in Sources */,
				036CA31B27AE6F4D00B8C0AF /* AppDelegate.swift in Sources */,
				036CA31D27AE6F4D00B8C0AF /* SceneDelegate.swift in Sources */,
			);
			runOnlyForDeploymentPostprocessing = 0;
		};
/* End PBXSourcesBuildPhase section */

/* Begin PBXVariantGroup section */
		036CA32027AE6F4D00B8C0AF /* Main.storyboard */ = {
			isa = PBXVariantGroup;
			children = (
				036CA32127AE6F4D00B8C0AF /* Base */,
			);
			name = Main.storyboard;
			sourceTree = "<group>";
		};
		036CA32527AE6F4E00B8C0AF /* LaunchScreen.storyboard */ = {
			isa = PBXVariantGroup;
			children = (
				036CA32627AE6F4E00B8C0AF /* Base */,
			);
			name = LaunchScreen.storyboard;
			sourceTree = "<group>";
		};
/* End PBXVariantGroup section */

/* Begin XCBuildConfiguration section */
		036CA32927AE6F4E00B8C0AF /* Debug */ = {
			isa = XCBuildConfiguration;
			buildSettings = {
				ALWAYS_SEARCH_USER_PATHS = NO;
				CLANG_ANALYZER_NONNULL = YES;
				CLANG_ANALYZER_NUMBER_OBJECT_CONVERSION = YES_AGGRESSIVE;
				CLANG_CXX_LANGUAGE_STANDARD = "gnu++17";
				CLANG_CXX_LIBRARY = "libc++";
				CLANG_ENABLE_MODULES = YES;
				CLANG_ENABLE_OBJC_ARC = YES;
				CLANG_ENABLE_OBJC_WEAK = YES;
				CLANG_WARN_BLOCK_CAPTURE_AUTORELEASING = YES;
				CLANG_WARN_BOOL_CONVERSION = YES;
				CLANG_WARN_COMMA = YES;
				CLANG_WARN_CONSTANT_CONVERSION = YES;
				CLANG_WARN_DEPRECATED_OBJC_IMPLEMENTATIONS = YES;
				CLANG_WARN_DIRECT_OBJC_ISA_USAGE = YES_ERROR;
				CLANG_WARN_DOCUMENTATION_COMMENTS = YES;
				CLANG_WARN_EMPTY_BODY = YES;
				CLANG_WARN_ENUM_CONVERSION = YES;
				CLANG_WARN_INFINITE_RECURSION = YES;
				CLANG_WARN_INT_CONVERSION = YES;
				CLANG_WARN_NON_LITERAL_NULL_CONVERSION = YES;
				CLANG_WARN_OBJC_IMPLICIT_RETAIN_SELF = YES;
				CLANG_WARN_OBJC_LITERAL_CONVERSION = YES;
				CLANG_WARN_OBJC_ROOT_CLASS = YES_ERROR;
				CLANG_WARN_QUOTED_INCLUDE_IN_FRAMEWORK_HEADER = YES;
				CLANG_WARN_RANGE_LOOP_ANALYSIS = YES;
				CLANG_WARN_STRICT_PROTOTYPES = YES;
				CLANG_WARN_SUSPICIOUS_MOVE = YES;
				CLANG_WARN_UNGUARDED_AVAILABILITY = YES_AGGRESSIVE;
				CLANG_WARN_UNREACHABLE_CODE = YES;
				CLANG_WARN__DUPLICATE_METHOD_MATCH = YES;
				COPY_PHASE_STRIP = NO;
				DEBUG_INFORMATION_FORMAT = dwarf;
				ENABLE_STRICT_OBJC_MSGSEND = YES;
				ENABLE_TESTABILITY = YES;
				GCC_C_LANGUAGE_STANDARD = gnu11;
				GCC_DYNAMIC_NO_PIC = NO;
				GCC_NO_COMMON_BLOCKS = YES;
				GCC_OPTIMIZATION_LEVEL = 0;
				GCC_PREPROCESSOR_DEFINITIONS = (
					"DEBUG=1",
					"$(inherited)",
				);
				GCC_WARN_64_TO_32_BIT_CONVERSION = YES;
				GCC_WARN_ABOUT_RETURN_TYPE = YES_ERROR;
				GCC_WARN_UNDECLARED_SELECTOR = YES;
				GCC_WARN_UNINITIALIZED_AUTOS = YES_AGGRESSIVE;
				GCC_WARN_UNUSED_FUNCTION = YES;
				GCC_WARN_UNUSED_VARIABLE = YES;
				IPHONEOS_DEPLOYMENT_TARGET = 15.2;
				MTL_ENABLE_DEBUG_INFO = INCLUDE_SOURCE;
				MTL_FAST_MATH = YES;
				ONLY_ACTIVE_ARCH = YES;
				SDKROOT = iphoneos;
				SWIFT_ACTIVE_COMPILATION_CONDITIONS = DEBUG;
				SWIFT_OPTIMIZATION_LEVEL = "-Onone";
			};
			name = Debug;
		};
		036CA32A27AE6F4E00B8C0AF /* Release */ = {
			isa = XCBuildConfiguration;
			buildSettings = {
				ALWAYS_SEARCH_USER_PATHS = NO;
				CLANG_ANALYZER_NONNULL = YES;
				CLANG_ANALYZER_NUMBER_OBJECT_CONVERSION = YES_AGGRESSIVE;
				CLANG_CXX_LANGUAGE_STANDARD = "gnu++17";
				CLANG_CXX_LIBRARY = "libc++";
				CLANG_ENABLE_MODULES = YES;
				CLANG_ENABLE_OBJC_ARC = YES;
				CLANG_ENABLE_OBJC_WEAK = YES;
				CLANG_WARN_BLOCK_CAPTURE_AUTORELEASING = YES;
				CLANG_WARN_BOOL_CONVERSION = YES;
				CLANG_WARN_COMMA = YES;
				CLANG_WARN_CONSTANT_CONVERSION = YES;
				CLANG_WARN_DEPRECATED_OBJC_IMPLEMENTATIONS = YES;
				CLANG_WARN_DIRECT_OBJC_ISA_USAGE = YES_ERROR;
				CLANG_WARN_DOCUMENTATION_COMMENTS = YES;
				CLANG_WARN_EMPTY_BODY = YES;
				CLANG_WARN_ENUM_CONVERSION = YES;
				CLANG_WARN_INFINITE_RECURSION = YES;
				CLANG_WARN_INT_CONVERSION = YES;
				CLANG_WARN_NON_LITERAL_NULL_CONVERSION = YES;
				CLANG_WARN_OBJC_IMPLICIT_RETAIN_SELF = YES;
				CLANG_WARN_OBJC_LITERAL_CONVERSION = YES;
				CLANG_WARN_OBJC_ROOT_CLASS = YES_ERROR;
				CLANG_WARN_QUOTED_INCLUDE_IN_FRAMEWORK_HEADER = YES;
				CLANG_WARN_RANGE_LOOP_ANALYSIS = YES;
				CLANG_WARN_STRICT_PROTOTYPES = YES;
				CLANG_WARN_SUSPICIOUS_MOVE = YES;
				CLANG_WARN_UNGUARDED_AVAILABILITY = YES_AGGRESSIVE;
				CLANG_WARN_UNREACHABLE_CODE = YES;
				CLANG_WARN__DUPLICATE_METHOD_MATCH = YES;
				COPY_PHASE_STRIP = NO;
				DEBUG_INFORMATION_FORMAT = "dwarf-with-dsym";
				ENABLE_NS_ASSERTIONS = NO;
				ENABLE_STRICT_OBJC_MSGSEND = YES;
				GCC_C_LANGUAGE_STANDARD = gnu11;
				GCC_NO_COMMON_BLOCKS = YES;
				GCC_WARN_64_TO_32_BIT_CONVERSION = YES;
				GCC_WARN_ABOUT_RETURN_TYPE = YES_ERROR;
				GCC_WARN_UNDECLARED_SELECTOR = YES;
				GCC_WARN_UNINITIALIZED_AUTOS = YES_AGGRESSIVE;
				GCC_WARN_UNUSED_FUNCTION = YES;
				GCC_WARN_UNUSED_VARIABLE = YES;
				IPHONEOS_DEPLOYMENT_TARGET = 15.2;
				MTL_ENABLE_DEBUG_INFO = NO;
				MTL_FAST_MATH = YES;
				SDKROOT = iphoneos;
				SWIFT_COMPILATION_MODE = wholemodule;
				SWIFT_OPTIMIZATION_LEVEL = "-O";
				VALIDATE_PRODUCT = YES;
			};
			name = Release;
		};
		036CA32C27AE6F4E00B8C0AF /* Debug */ = {
			isa = XCBuildConfiguration;
			buildSettings = {
				ASSETCATALOG_COMPILER_APPICON_NAME = AppIcon;
				ASSETCATALOG_COMPILER_GLOBAL_ACCENT_COLOR_NAME = AccentColor;
				CODE_SIGN_STYLE = Automatic;
				CURRENT_PROJECT_VERSION = 1;
				DEVELOPMENT_TEAM = ANRPPU3NMX;
				GENERATE_INFOPLIST_FILE = YES;
				INFOPLIST_FILE = LoginLogout/Info.plist;
				INFOPLIST_KEY_UIApplicationSupportsIndirectInputEvents = YES;
				INFOPLIST_KEY_UILaunchStoryboardName = LaunchScreen;
				INFOPLIST_KEY_UIMainStoryboardFile = Main;
				INFOPLIST_KEY_UISupportedInterfaceOrientations = UIInterfaceOrientationPortrait;
				INFOPLIST_KEY_UISupportedInterfaceOrientations_iPad = "UIInterfaceOrientationPortrait UIInterfaceOrientationPortraitUpsideDown UIInterfaceOrientationLandscapeLeft UIInterfaceOrientationLandscapeRight";
				INFOPLIST_KEY_UISupportedInterfaceOrientations_iPhone = "UIInterfaceOrientationPortrait UIInterfaceOrientationLandscapeLeft UIInterfaceOrientationLandscapeRight";
				LD_RUNPATH_SEARCH_PATHS = (
					"$(inherited)",
					"@executable_path/Frameworks",
				);
				MARKETING_VERSION = 1.0;
				PRODUCT_BUNDLE_IDENTIFIER = com.VladimirUsov.LoginLogout;
				PRODUCT_NAME = "$(TARGET_NAME)";
				SWIFT_EMIT_LOC_STRINGS = YES;
				SWIFT_VERSION = 5.0;
				TARGETED_DEVICE_FAMILY = 1;
			};
			name = Debug;
		};
		036CA32D27AE6F4E00B8C0AF /* Release */ = {
			isa = XCBuildConfiguration;
			buildSettings = {
				ASSETCATALOG_COMPILER_APPICON_NAME = AppIcon;
				ASSETCATALOG_COMPILER_GLOBAL_ACCENT_COLOR_NAME = AccentColor;
				CODE_SIGN_STYLE = Automatic;
				CURRENT_PROJECT_VERSION = 1;
				DEVELOPMENT_TEAM = ANRPPU3NMX;
				GENERATE_INFOPLIST_FILE = YES;
				INFOPLIST_FILE = LoginLogout/Info.plist;
				INFOPLIST_KEY_UIApplicationSupportsIndirectInputEvents = YES;
				INFOPLIST_KEY_UILaunchStoryboardName = LaunchScreen;
				INFOPLIST_KEY_UIMainStoryboardFile = Main;
				INFOPLIST_KEY_UISupportedInterfaceOrientations = UIInterfaceOrientationPortrait;
				INFOPLIST_KEY_UISupportedInterfaceOrientations_iPad = "UIInterfaceOrientationPortrait UIInterfaceOrientationPortraitUpsideDown UIInterfaceOrientationLandscapeLeft UIInterfaceOrientationLandscapeRight";
				INFOPLIST_KEY_UISupportedInterfaceOrientations_iPhone = "UIInterfaceOrientationPortrait UIInterfaceOrientationLandscapeLeft UIInterfaceOrientationLandscapeRight";
				LD_RUNPATH_SEARCH_PATHS = (
					"$(inherited)",
					"@executable_path/Frameworks",
				);
				MARKETING_VERSION = 1.0;
				PRODUCT_BUNDLE_IDENTIFIER = com.VladimirUsov.LoginLogout;
				PRODUCT_NAME = "$(TARGET_NAME)";
				SWIFT_EMIT_LOC_STRINGS = YES;
				SWIFT_VERSION = 5.0;
				TARGETED_DEVICE_FAMILY = 1;
			};
			name = Release;
		};
/* End XCBuildConfiguration section */

/* Begin XCConfigurationList section */
		036CA31227AE6F4D00B8C0AF /* Build configuration list for PBXProject "LoginLogout" */ = {
			isa = XCConfigurationList;
			buildConfigurations = (
				036CA32927AE6F4E00B8C0AF /* Debug */,
				036CA32A27AE6F4E00B8C0AF /* Release */,
			);
			defaultConfigurationIsVisible = 0;
			defaultConfigurationName = Release;
		};
		036CA32B27AE6F4E00B8C0AF /* Build configuration list for PBXNativeTarget "LoginLogout" */ = {
			isa = XCConfigurationList;
			buildConfigurations = (
				036CA32C27AE6F4E00B8C0AF /* Debug */,
				036CA32D27AE6F4E00B8C0AF /* Release */,
			);
			defaultConfigurationIsVisible = 0;
			defaultConfigurationName = Release;
		};
/* End XCConfigurationList section */
	};
	rootObject = 036CA30F27AE6F4D00B8C0AF /* Project object */;
}
